
Microsoft Visual Studio Solution File, Format Version 12.00
# Visual Studio 2013
VisualStudioVersion = 12.0.30723.0
MinimumVisualStudioVersion = 10.0.40219.1
Project("{FAE04EC0-301F-11D3-BF4B-00C04F79EFBC}") = "AnimalMotel", "AnimalMotel\AnimalMotel.csproj", "{C9139772-E2C0-4EDC-829D-0134C8B66771}"
EndProject
Project("{FAE04EC0-301F-11D3-BF4B-00C04F79EFBC}") = "AnimalLibrary", "AnimalLibrary\AnimalLibrary.csproj", "{CA7D1551-AC18-45E5-AA06-99D457E1E3EA}"
EndProject
Project("{FAE04EC0-301F-11D3-BF4B-00C04F79EFBC}") = "AnimalManager", "ClassLibrary1\AnimalManager.csproj", "{7FC570BD-CBEB-45DC-B88F-9F10B3CB1E0C}"
EndProject
Project("{2150E333-8FDC-42A3-9474-1A3956D46DE8}") = "Solution Items", "Solution Items", "{56DDD3A2-B959-4862-A18D-2EF70162A706}"
	ProjectSection(SolutionItems) = preProject
		ClassLibrary1\AnimalDB.mdf = ClassLibrary1\AnimalDB.mdf
	EndProjectSection
EndProject
Global
	GlobalSection(SolutionConfigurationPlatforms) = preSolution
		Debug|Any CPU = Debug|Any CPU
		Release|Any CPU = Release|Any CPU
	EndGlobalSection
	GlobalSection(ProjectConfigurationPlatforms) = postSolution
		{C9139772-E2C0-4EDC-829D-0134C8B66771}.Debug|Any CPU.ActiveCfg = Debug|Any CPU
		{C9139772-E2C0-4EDC-829D-0134C8B66771}.Debug|Any CPU.Build.0 = Debug|Any CPU
		{C9139772-E2C0-4EDC-829D-0134C8B66771}.Release|Any CPU.ActiveCfg = Release|Any CPU
		{C9139772-E2C0-4EDC-829D-0134C8B66771}.Release|Any CPU.Build.0 = Release|Any CPU
		{CA7D1551-AC18-45E5-AA06-99D457E1E3EA}.Debug|Any CPU.ActiveCfg = Debug|Any CPU
		{CA7D1551-AC18-45E5-AA06-99D457E1E3EA}.Debug|Any CPU.Build.0 = Debug|Any CPU
		{CA7D1551-AC18-45E5-AA06-99D457E1E3EA}.Release|Any CPU.ActiveCfg = Release|Any CPU
		{CA7D1551-AC18-45E5-AA06-99D457E1E3EA}.Release|Any CPU.Build.0 = Release|Any CPU
		{7FC570BD-CBEB-45DC-B88F-9F10B3CB1E0C}.Debug|Any CPU.ActiveCfg = Debug|Any CPU
		{7FC570BD-CBEB-45DC-B88F-9F10B3CB1E0C}.Debug|Any CPU.Build.0 = Debug|Any CPU
		{7FC570BD-CBEB-45DC-B88F-9F10B3CB1E0C}.Release|Any CPU.ActiveCfg = Release|Any CPU
		{7FC570BD-CBEB-45DC-B88F-9F10B3CB1E0C}.Release|Any CPU.Build.0 = Release|Any CPU
	EndGlobalSection
	GlobalSection(SolutionProperties) = preSolution
		HideSolutionNode = FALSE
	EndGlobalSection
EndGlobal
